<?xml version="1.0" encoding="utf-8"?>
<Project ToolsVersion="4.0" xmlns="http://schemas.microsoft.com/developer/msbuild/2003">
  <ItemGroup>
    <Filter Include="Source Files">
      <UniqueIdentifier>{4FC737F1-C7A5-4376-A066-2A32D752A2FF}</UniqueIdentifier>
      <Extensions>cpp;c;cc;cxx;c++;cppm;ixx;def;odl;idl;hpj;bat;asm;asmx</Extensions>
    </Filter>
    <Filter Include="Header Files">
      <UniqueIdentifier>{93995380-89BD-4b04-88EB-625FBE52EBFB}</UniqueIdentifier>
      <Extensions>h;hh;hpp;hxx;h++;hm;inl;inc;ipp;xsd</Extensions>
    </Filter>
  </ItemGroup>
  <ItemGroup>
    <ClCompile Include="ConsoleApplication1.cpp">
      <Filter>Source Files</Filter>
    </ClCompile>
  </ItemGroup>
  <ItemGroup>
    <ClInclude Include="clsPerson.h">
      <Filter>Header Files</Filter>
    </ClInclude>
    <ClInclude Include="clsEmployee.h">
      <Filter>Header Files</Filter>
    </ClInclude>
    <ClInclude Include="clsDeveloper.h">
      <Filter>Header Files</Filter>
    </ClInclude>
    <ClInclude Include="clsString.h">
      <Filter>Header Files</Filter>
    </ClInclude>
    <ClInclude Include="clsDate.h">
      <Filter>Header Files</Filter>
    </ClInclude>
    <ClInclude Include="clsPeriod.h">
      <Filter>Header Files</Filter>
    </ClInclude>
    <ClInclude Include="clsUtil.h">
      <Filter>Header Files</Filter>
    </ClInclude>
    <ClInclude Include="clsInputValidate.h">
      <Filter>Header Files</Filter>
    </ClInclude>
    <ClInclude Include="clsBankCleint.h">
      <Filter>Header Files</Filter>
    </ClInclude>
    <ClInclude Include="clsScreen.h">
      <Filter>Header Files</Filter>
    </ClInclude>
    <ClInclude Include="clsMainScreen.h">
      <Filter>Header Files</Filter>
    </ClInclude>
    <ClInclude Include="clsListCleintScreen.h">
      <Filter>Header Files</Filter>
    </ClInclude>
    <ClInclude Include="clsAddNewCleintScreen.h">
      <Filter>Header Files</Filter>
    </ClInclude>
    <ClInclude Include="clsDeletCleintScreen.h">
      <Filter>Header Files</Filter>
    </ClInclude>
    <ClInclude Include="clsUpdateCleintScreen.h">
      <Filter>Header Files</Filter>
    </ClInclude>
    <ClInclude Include="clsFindCleintScreen.h">
      <Filter>Header Files</Filter>
    </ClInclude>
    <ClInclude Include="clsTransactionScreen.h">
      <Filter>Header Files</Filter>
    </ClInclude>
    <ClInclude Include="clsTotalBalanceScreen.h">
      <Filter>Header Files</Filter>
    </ClInclude>
    <ClInclude Include="clsDepositScreen.h">
      <Filter>Header Files</Filter>
    </ClInclude>
    <ClInclude Include="clsWithDrwaScreen.h">
      <Filter>Header Files</Filter>
    </ClInclude>
    <ClInclude Include="clsManagmentusersScreen.h">
      <Filter>Header Files</Filter>
    </ClInclude>
    <ClInclude Include="clsBankUser.h">
      <Filter>Header Files</Filter>
    </ClInclude>
    <ClInclude Include="clsListUserScreen.h">
      <Filter>Header Files</Filter>
    </ClInclude>
    <ClInclude Include="clsAddNewUserScreen.h">
      <Filter>Header Files</Filter>
    </ClInclude>
    <ClInclude Include="clsDeletUserScreen.h">
      <Filter>Header Files</Filter>
    </ClInclude>
    <ClInclude Include="clsUpdateUserScreen.h">
      <Filter>Header Files</Filter>
    </ClInclude>
    <ClInclude Include="clsFindUserScreen.h">
      <Filter>Header Files</Filter>
    </ClInclude>
    <ClInclude Include="Globelheader.h">
      <Filter>Header Files</Filter>
    </ClInclude>
    <ClInclude Include="clsLoginScreen.h">
      <Filter>Header Files</Filter>
    </ClInclude>
    <ClInclude Include="clsNotPermissionScreen.h">
      <Filter>Header Files</Filter>
    </ClInclude>
    <ClInclude Include="clsLogInRegisterScreen.h">
      <Filter>Header Files</Filter>
    </ClInclude>
    <ClInclude Include="clsTransfetScreen.h">
      <Filter>Header Files</Filter>
    </ClInclude>
    <ClInclude Include="clsListTransferTransactionScreen.h">
      <Filter>Header Files</Filter>
    </ClInclude>
    <ClInclude Include="clsCurrencyExchangScreen.h">
      <Filter>Header Files</Filter>
    </ClInclude>
    <ClInclude Include="clsListCurrencyScreen.h">
      <Filter>Header Files</Filter>
    </ClInclude>
    <ClInclude Include="clsFindCurrencyScreen.h">
      <Filter>Header Files</Filter>
    </ClInclude>
    <ClInclude Include="clsUpdateCurrencyScreen.h">
      <Filter>Header Files</Filter>
    </ClInclude>
    <ClInclude Include="clsCalcolateCurrencyScreen.h">
      <Filter>Header Files</Filter>
    </ClInclude>
    <ClInclude Include="clsBankCurrency.h">
      <Filter>Header Files</Filter>
    </ClInclude>
  </ItemGroup>
</Project>